
Microsoft Visual Studio Solution File, Format Version 12.00
# Visual Studio Version 16
VisualStudioVersion = 16.0.29209.62
MinimumVisualStudioVersion = 10.0.40219.1
Project("{FAE04EC0-301F-11D3-BF4B-00C04F79EFBC}") = "ComicBookGallery", "ComicBookGallery\ComicBookGallery.csproj", "{ABCA1129-494E-487F-91DE-1B41D4225F05}"
EndProject
Global
	GlobalSection(SolutionConfigurationPlatforms) = preSolution
		Debug|Any CPU = Debug|Any CPU
		Release|Any CPU = Release|Any CPU
	EndGlobalSection
	GlobalSection(ProjectConfigurationPlatforms) = postSolution
		{ABCA1129-494E-487F-91DE-1B41D4225F05}.Debug|Any CPU.ActiveCfg = Debug|Any CPU
		{ABCA1129-494E-487F-91DE-1B41D4225F05}.Debug|Any CPU.Build.0 = Debug|Any CPU
		{ABCA1129-494E-487F-91DE-1B41D4225F05}.Release|Any CPU.ActiveCfg = Release|Any CPU
		{ABCA1129-494E-487F-91DE-1B41D4225F05}.Release|Any CPU.Build.0 = Release|Any CPU
	EndGlobalSection
	GlobalSection(SolutionProperties) = preSolution
		HideSolutionNode = FALSE
	EndGlobalSection
	GlobalSection(ExtensibilityGlobals) = postSolution
		SolutionGuid = {A28B4C3D-C7BA-4003-A78B-98ED39A08541}
	EndGlobalSection
EndGlobal
